
Microsoft Visual Studio Solution File, Format Version 12.00
# Visual Studio Version 17
VisualStudioVersion = 17.4.33205.214
MinimumVisualStudioVersion = 10.0.40219.1
Project("{FAE04EC0-301F-11D3-BF4B-00C04F79EFBC}") = "Labo5_1", "Labo5_1\Labo5_1.csproj", "{A22EED64-04C6-4476-ACCB-CFDCEC4056B5}"
EndProject
Global
	GlobalSection(SolutionConfigurationPlatforms) = preSolution
		Debug|Any CPU = Debug|Any CPU
		Release|Any CPU = Release|Any CPU
	EndGlobalSection
	GlobalSection(ProjectConfigurationPlatforms) = postSolution
		{A22EED64-04C6-4476-ACCB-CFDCEC4056B5}.Debug|Any CPU.ActiveCfg = Debug|Any CPU
		{A22EED64-04C6-4476-ACCB-CFDCEC4056B5}.Debug|Any CPU.Build.0 = Debug|Any CPU
		{A22EED64-04C6-4476-ACCB-CFDCEC4056B5}.Release|Any CPU.ActiveCfg = Release|Any CPU
		{A22EED64-04C6-4476-ACCB-CFDCEC4056B5}.Release|Any CPU.Build.0 = Release|Any CPU
	EndGlobalSection
	GlobalSection(SolutionProperties) = preSolution
		HideSolutionNode = FALSE
	EndGlobalSection
	GlobalSection(ExtensibilityGlobals) = postSolution
		SolutionGuid = {2AF324F7-FC91-4450-B9F3-7489AAF8C074}
	EndGlobalSection
EndGlobal
